// !$*UTF8*$!
{
	archiveVersion = 1;
	classes = {
	};
	objectVersion = 55;
	objects = {

/* Begin PBXBuildFile section */
		FDF531DD28AE3CB9006CC337 /* CeMealApp.swift in Sources */ = {isa = PBXBuildFile; fileRef = FDF531DC28AE3CB9006CC337 /* CeMealApp.swift */; };
		FDF531DF28AE3CB9006CC337 /* ContentView.swift in Sources */ = {isa = PBXBuildFile; fileRef = FDF531DE28AE3CB9006CC337 /* ContentView.swift */; };
		FDF531E128AE3CBA006CC337 /* Assets.xcassets in Resources */ = {isa = PBXBuildFile; fileRef = FDF531E028AE3CBA006CC337 /* Assets.xcassets */; };
		FDF531E428AE3CBA006CC337 /* Preview Assets.xcassets in Resources */ = {isa = PBXBuildFile; fileRef = FDF531E328AE3CBA006CC337 /* Preview Assets.xcassets */; };
		FDF531E628AE3CBA006CC337 /* Persistence.swift in Sources */ = {isa = PBXBuildFile; fileRef = FDF531E528AE3CBA006CC337 /* Persistence.swift */; };
		FDF531E928AE3CBA006CC337 /* CeMeal.xcdatamodeld in Sources */ = {isa = PBXBuildFile; fileRef = FDF531E728AE3CBA006CC337 /* CeMeal.xcdatamodeld */; };
		FDF531F828AE40CD006CC337 /* TabbedView.swift in Sources */ = {isa = PBXBuildFile; fileRef = FDF531F728AE40CD006CC337 /* TabbedView.swift */; };
		FDF531FC28AE412E006CC337 /* StorageView.swift in Sources */ = {isa = PBXBuildFile; fileRef = FDF531FB28AE412E006CC337 /* StorageView.swift */; };
		FDF531FE28AE413E006CC337 /* HistoryView.swift in Sources */ = {isa = PBXBuildFile; fileRef = FDF531FD28AE413E006CC337 /* HistoryView.swift */; };
		FDF5320028AE4147006CC337 /* GroceryView.swift in Sources */ = {isa = PBXBuildFile; fileRef = FDF531FF28AE4147006CC337 /* GroceryView.swift */; };
		FDF5320228AE44BA006CC337 /* GroceryViewModel.swift in Sources */ = {isa = PBXBuildFile; fileRef = FDF5320128AE44BA006CC337 /* GroceryViewModel.swift */; };
		FDF5320428AE44E8006CC337 /* DataInitialization.swift in Sources */ = {isa = PBXBuildFile; fileRef = FDF5320328AE44E8006CC337 /* DataInitialization.swift */; };
		FDF5320828AE4991006CC337 /* GroceryShoppingPlan.swift in Sources */ = {isa = PBXBuildFile; fileRef = FDF5320728AE4991006CC337 /* GroceryShoppingPlan.swift */; };
		FDF5320A28AE4F55006CC337 /* IngredientViewModel.swift in Sources */ = {isa = PBXBuildFile; fileRef = FDF5320928AE4F55006CC337 /* IngredientViewModel.swift */; };
		FDF5320C28AE4FA0006CC337 /* GroceryItem.swift in Sources */ = {isa = PBXBuildFile; fileRef = FDF5320B28AE4FA0006CC337 /* GroceryItem.swift */; };
		FDF5320E28AE509D006CC337 /* RoundedImage.swift in Sources */ = {isa = PBXBuildFile; fileRef = FDF5320D28AE509D006CC337 /* RoundedImage.swift */; };
		FDF5321028AE542F006CC337 /* Extension.swift in Sources */ = {isa = PBXBuildFile; fileRef = FDF5320F28AE542F006CC337 /* Extension.swift */; };
		FDF5321228AE5566006CC337 /* IngredientPlanItem.swift in Sources */ = {isa = PBXBuildFile; fileRef = FDF5321128AE5566006CC337 /* IngredientPlanItem.swift */; };
		FDF5321428AE8E16006CC337 /* Enums.swift in Sources */ = {isa = PBXBuildFile; fileRef = FDF5321328AE8E16006CC337 /* Enums.swift */; };
		FDF5321628AF6411006CC337 /* ingredients.csv in Resources */ = {isa = PBXBuildFile; fileRef = FDF5321528AF6411006CC337 /* ingredients.csv */; };
		FDF5321828AF6FB8006CC337 /* RoundedCorner.swift in Sources */ = {isa = PBXBuildFile; fileRef = FDF5321728AF6FB8006CC337 /* RoundedCorner.swift */; };
		FDF5321C28AFC8FD006CC337 /* ShoppingPlanV2.swift in Sources */ = {isa = PBXBuildFile; fileRef = FDF5321B28AFC8FD006CC337 /* ShoppingPlanV2.swift */; };
		FDF5321F28B27C7E006CC337 /* SF-Compact.ttf in Resources */ = {isa = PBXBuildFile; fileRef = FDF5321E28B27C7E006CC337 /* SF-Compact.ttf */; };
		FDF5322628B28A6D006CC337 /* IngredientList.swift in Sources */ = {isa = PBXBuildFile; fileRef = FDF5322528B28A6D006CC337 /* IngredientList.swift */; };
		FDF5322828B28B3C006CC337 /* IngredientCategoryView.swift in Sources */ = {isa = PBXBuildFile; fileRef = FDF5322728B28B3C006CC337 /* IngredientCategoryView.swift */; };
/* End PBXBuildFile section */

/* Begin PBXFileReference section */
		FDF531D928AE3CB9006CC337 /* CeMeal.app */ = {isa = PBXFileReference; explicitFileType = wrapper.application; includeInIndex = 0; path = CeMeal.app; sourceTree = BUILT_PRODUCTS_DIR; };
		FDF531DC28AE3CB9006CC337 /* CeMealApp.swift */ = {isa = PBXFileReference; lastKnownFileType = sourcecode.swift; path = CeMealApp.swift; sourceTree = "<group>"; };
		FDF531DE28AE3CB9006CC337 /* ContentView.swift */ = {isa = PBXFileReference; lastKnownFileType = sourcecode.swift; path = ContentView.swift; sourceTree = "<group>"; };
		FDF531E028AE3CBA006CC337 /* Assets.xcassets */ = {isa = PBXFileReference; lastKnownFileType = folder.assetcatalog; path = Assets.xcassets; sourceTree = "<group>"; };
		FDF531E328AE3CBA006CC337 /* Preview Assets.xcassets */ = {isa = PBXFileReference; lastKnownFileType = folder.assetcatalog; path = "Preview Assets.xcassets"; sourceTree = "<group>"; };
		FDF531E528AE3CBA006CC337 /* Persistence.swift */ = {isa = PBXFileReference; lastKnownFileType = sourcecode.swift; path = Persistence.swift; sourceTree = "<group>"; };
		FDF531E828AE3CBA006CC337 /* CeMeal.xcdatamodel */ = {isa = PBXFileReference; lastKnownFileType = wrapper.xcdatamodel; path = CeMeal.xcdatamodel; sourceTree = "<group>"; };
		FDF531F728AE40CD006CC337 /* TabbedView.swift */ = {isa = PBXFileReference; lastKnownFileType = sourcecode.swift; path = TabbedView.swift; sourceTree = "<group>"; };
		FDF531FB28AE412E006CC337 /* StorageView.swift */ = {isa = PBXFileReference; lastKnownFileType = sourcecode.swift; path = StorageView.swift; sourceTree = "<group>"; };
		FDF531FD28AE413E006CC337 /* HistoryView.swift */ = {isa = PBXFileReference; lastKnownFileType = sourcecode.swift; path = HistoryView.swift; sourceTree = "<group>"; };
		FDF531FF28AE4147006CC337 /* GroceryView.swift */ = {isa = PBXFileReference; lastKnownFileType = sourcecode.swift; path = GroceryView.swift; sourceTree = "<group>"; };
		FDF5320128AE44BA006CC337 /* GroceryViewModel.swift */ = {isa = PBXFileReference; lastKnownFileType = sourcecode.swift; path = GroceryViewModel.swift; sourceTree = "<group>"; };
		FDF5320328AE44E8006CC337 /* DataInitialization.swift */ = {isa = PBXFileReference; lastKnownFileType = sourcecode.swift; path = DataInitialization.swift; sourceTree = "<group>"; };
		FDF5320728AE4991006CC337 /* GroceryShoppingPlan.swift */ = {isa = PBXFileReference; lastKnownFileType = sourcecode.swift; path = GroceryShoppingPlan.swift; sourceTree = "<group>"; };
		FDF5320928AE4F55006CC337 /* IngredientViewModel.swift */ = {isa = PBXFileReference; lastKnownFileType = sourcecode.swift; path = IngredientViewModel.swift; sourceTree = "<group>"; };
		FDF5320B28AE4FA0006CC337 /* GroceryItem.swift */ = {isa = PBXFileReference; lastKnownFileType = sourcecode.swift; path = GroceryItem.swift; sourceTree = "<group>"; };
		FDF5320D28AE509D006CC337 /* RoundedImage.swift */ = {isa = PBXFileReference; lastKnownFileType = sourcecode.swift; path = RoundedImage.swift; sourceTree = "<group>"; };
		FDF5320F28AE542F006CC337 /* Extension.swift */ = {isa = PBXFileReference; lastKnownFileType = sourcecode.swift; path = Extension.swift; sourceTree = "<group>"; };
		FDF5321128AE5566006CC337 /* IngredientPlanItem.swift */ = {isa = PBXFileReference; lastKnownFileType = sourcecode.swift; path = IngredientPlanItem.swift; sourceTree = "<group>"; };
		FDF5321328AE8E16006CC337 /* Enums.swift */ = {isa = PBXFileReference; lastKnownFileType = sourcecode.swift; path = Enums.swift; sourceTree = "<group>"; };
		FDF5321528AF6411006CC337 /* ingredients.csv */ = {isa = PBXFileReference; fileEncoding = 4; lastKnownFileType = text; path = ingredients.csv; sourceTree = "<group>"; };
		FDF5321728AF6FB8006CC337 /* RoundedCorner.swift */ = {isa = PBXFileReference; lastKnownFileType = sourcecode.swift; path = RoundedCorner.swift; sourceTree = "<group>"; };
		FDF5321B28AFC8FD006CC337 /* ShoppingPlanV2.swift */ = {isa = PBXFileReference; lastKnownFileType = sourcecode.swift; path = ShoppingPlanV2.swift; sourceTree = "<group>"; };
		FDF5321E28B27C7E006CC337 /* SF-Compact.ttf */ = {isa = PBXFileReference; lastKnownFileType = file; path = "SF-Compact.ttf"; sourceTree = "<group>"; };
		FDF5322528B28A6D006CC337 /* IngredientList.swift */ = {isa = PBXFileReference; lastKnownFileType = sourcecode.swift; path = IngredientList.swift; sourceTree = "<group>"; };
		FDF5322728B28B3C006CC337 /* IngredientCategoryView.swift */ = {isa = PBXFileReference; lastKnownFileType = sourcecode.swift; path = IngredientCategoryView.swift; sourceTree = "<group>"; };
/* End PBXFileReference section */

/* Begin PBXFrameworksBuildPhase section */
		FDF531D628AE3CB9006CC337 /* Frameworks */ = {
			isa = PBXFrameworksBuildPhase;
			buildActionMask = 2147483647;
			files = (
			);
			runOnlyForDeploymentPostprocessing = 0;
		};
/* End PBXFrameworksBuildPhase section */

/* Begin PBXGroup section */
		FDF531D028AE3CB9006CC337 = {
			isa = PBXGroup;
			children = (
				FDF531DB28AE3CB9006CC337 /* CeMeal */,
				FDF531DA28AE3CB9006CC337 /* Products */,
			);
			sourceTree = "<group>";
		};
		FDF531DA28AE3CB9006CC337 /* Products */ = {
			isa = PBXGroup;
			children = (
				FDF531D928AE3CB9006CC337 /* CeMeal.app */,
			);
			name = Products;
			sourceTree = "<group>";
		};
		FDF531DB28AE3CB9006CC337 /* CeMeal */ = {
			isa = PBXGroup;
			children = (
				FDF5321D28B27C6D006CC337 /* Fonts */,
				FDF531F328AE3D21006CC337 /* Helper */,
				FDF531F228AE3D17006CC337 /* SharedComponent */,
				FDF531F128AE3D04006CC337 /* View */,
				FDF531F028AE3CFC006CC337 /* ViewModel */,
				FDF531EF28AE3CF8006CC337 /* Model */,
				FDF531DC28AE3CB9006CC337 /* CeMealApp.swift */,
				FDF531E028AE3CBA006CC337 /* Assets.xcassets */,
				FDF531E528AE3CBA006CC337 /* Persistence.swift */,
				FDF531E728AE3CBA006CC337 /* CeMeal.xcdatamodeld */,
				FDF531E228AE3CBA006CC337 /* Preview Content */,
			);
			path = CeMeal;
			sourceTree = "<group>";
		};
		FDF531E228AE3CBA006CC337 /* Preview Content */ = {
			isa = PBXGroup;
			children = (
				FDF531E328AE3CBA006CC337 /* Preview Assets.xcassets */,
			);
			path = "Preview Content";
			sourceTree = "<group>";
		};
		FDF531EF28AE3CF8006CC337 /* Model */ = {
			isa = PBXGroup;
			children = (
			);
			path = Model;
			sourceTree = "<group>";
		};
		FDF531F028AE3CFC006CC337 /* ViewModel */ = {
			isa = PBXGroup;
			children = (
				FDF5320128AE44BA006CC337 /* GroceryViewModel.swift */,
				FDF5320928AE4F55006CC337 /* IngredientViewModel.swift */,
			);
			path = ViewModel;
			sourceTree = "<group>";
		};
		FDF531F128AE3D04006CC337 /* View */ = {
			isa = PBXGroup;
			children = (
				FDF531F628AE3DEC006CC337 /* HistoryView */,
				FDF531F528AE3DD1006CC337 /* StorageView */,
				FDF531F428AE3DC2006CC337 /* GroceryView */,
				FDF531DE28AE3CB9006CC337 /* ContentView.swift */,
				FDF531F728AE40CD006CC337 /* TabbedView.swift */,
			);
			path = View;
			sourceTree = "<group>";
		};
		FDF531F228AE3D17006CC337 /* SharedComponent */ = {
			isa = PBXGroup;
			children = (
				FDF5320D28AE509D006CC337 /* RoundedImage.swift */,
				FDF5321728AF6FB8006CC337 /* RoundedCorner.swift */,
			);
			path = SharedComponent;
			sourceTree = "<group>";
		};
		FDF531F328AE3D21006CC337 /* Helper */ = {
			isa = PBXGroup;
			children = (
				FDF5320328AE44E8006CC337 /* DataInitialization.swift */,
				FDF5321528AF6411006CC337 /* ingredients.csv */,
				FDF5320F28AE542F006CC337 /* Extension.swift */,
				FDF5321328AE8E16006CC337 /* Enums.swift */,
			);
			path = Helper;
			sourceTree = "<group>";
		};
		FDF531F428AE3DC2006CC337 /* GroceryView */ = {
			isa = PBXGroup;
			children = (
				FDF531FF28AE4147006CC337 /* GroceryView.swift */,
				FDF5320728AE4991006CC337 /* GroceryShoppingPlan.swift */,
				FDF5320B28AE4FA0006CC337 /* GroceryItem.swift */,
				FDF5321128AE5566006CC337 /* IngredientPlanItem.swift */,
				FDF5321B28AFC8FD006CC337 /* ShoppingPlanV2.swift */,
				FDF5322528B28A6D006CC337 /* IngredientList.swift */,
				FDF5322728B28B3C006CC337 /* IngredientCategoryView.swift */,
			);
			path = GroceryView;
			sourceTree = "<group>";
		};
		FDF531F528AE3DD1006CC337 /* StorageView */ = {
			isa = PBXGroup;
			children = (
				FDF531FB28AE412E006CC337 /* StorageView.swift */,
			);
			path = StorageView;
			sourceTree = "<group>";
		};
		FDF531F628AE3DEC006CC337 /* HistoryView */ = {
			isa = PBXGroup;
			children = (
				FDF531FD28AE413E006CC337 /* HistoryView.swift */,
			);
			path = HistoryView;
			sourceTree = "<group>";
		};
		FDF5321D28B27C6D006CC337 /* Fonts */ = {
			isa = PBXGroup;
			children = (
				FDF5321E28B27C7E006CC337 /* SF-Compact.ttf */,
			);
			path = Fonts;
			sourceTree = "<group>";
		};
/* End PBXGroup section */

/* Begin PBXNativeTarget section */
		FDF531D828AE3CB9006CC337 /* CeMeal */ = {
			isa = PBXNativeTarget;
			buildConfigurationList = FDF531EC28AE3CBA006CC337 /* Build configuration list for PBXNativeTarget "CeMeal" */;
			buildPhases = (
				FDF531D528AE3CB9006CC337 /* Sources */,
				FDF531D628AE3CB9006CC337 /* Frameworks */,
				FDF531D728AE3CB9006CC337 /* Resources */,
			);
			buildRules = (
			);
			dependencies = (
			);
			name = CeMeal;
			productName = CeMeal;
			productReference = FDF531D928AE3CB9006CC337 /* CeMeal.app */;
			productType = "com.apple.product-type.application";
		};
/* End PBXNativeTarget section */

/* Begin PBXProject section */
		FDF531D128AE3CB9006CC337 /* Project object */ = {
			isa = PBXProject;
			attributes = {
				BuildIndependentTargetsInParallel = 1;
				LastSwiftUpdateCheck = 1340;
				LastUpgradeCheck = 1340;
				TargetAttributes = {
					FDF531D828AE3CB9006CC337 = {
						CreatedOnToolsVersion = 13.4.1;
					};
				};
			};
			buildConfigurationList = FDF531D428AE3CB9006CC337 /* Build configuration list for PBXProject "CeMeal" */;
			compatibilityVersion = "Xcode 13.0";
			developmentRegion = en;
			hasScannedForEncodings = 0;
			knownRegions = (
				en,
				Base,
			);
			mainGroup = FDF531D028AE3CB9006CC337;
			productRefGroup = FDF531DA28AE3CB9006CC337 /* Products */;
			projectDirPath = "";
			projectRoot = "";
			targets = (
				FDF531D828AE3CB9006CC337 /* CeMeal */,
			);
		};
/* End PBXProject section */

/* Begin PBXResourcesBuildPhase section */
		FDF531D728AE3CB9006CC337 /* Resources */ = {
			isa = PBXResourcesBuildPhase;
			buildActionMask = 2147483647;
			files = (
				FDF5321628AF6411006CC337 /* ingredients.csv in Resources */,
				FDF531E428AE3CBA006CC337 /* Preview Assets.xcassets in Resources */,
				FDF531E128AE3CBA006CC337 /* Assets.xcassets in Resources */,
				FDF5321F28B27C7E006CC337 /* SF-Compact.ttf in Resources */,
			);
			runOnlyForDeploymentPostprocessing = 0;
		};
/* End PBXResourcesBuildPhase section */

/* Begin PBXSourcesBuildPhase section */
		FDF531D528AE3CB9006CC337 /* Sources */ = {
			isa = PBXSourcesBuildPhase;
			buildActionMask = 2147483647;
			files = (
				FDF5321028AE542F006CC337 /* Extension.swift in Sources */,
				FDF531FE28AE413E006CC337 /* HistoryView.swift in Sources */,
				FDF531FC28AE412E006CC337 /* StorageView.swift in Sources */,
				FDF5320C28AE4FA0006CC337 /* GroceryItem.swift in Sources */,
				FDF5320228AE44BA006CC337 /* GroceryViewModel.swift in Sources */,
				FDF5321C28AFC8FD006CC337 /* ShoppingPlanV2.swift in Sources */,
				FDF5321428AE8E16006CC337 /* Enums.swift in Sources */,
				FDF5320028AE4147006CC337 /* GroceryView.swift in Sources */,
				FDF5321228AE5566006CC337 /* IngredientPlanItem.swift in Sources */,
				FDF5320828AE4991006CC337 /* GroceryShoppingPlan.swift in Sources */,
				FDF531E628AE3CBA006CC337 /* Persistence.swift in Sources */,
				FDF531F828AE40CD006CC337 /* TabbedView.swift in Sources */,
				FDF531DF28AE3CB9006CC337 /* ContentView.swift in Sources */,
				FDF5321828AF6FB8006CC337 /* RoundedCorner.swift in Sources */,
				FDF5320E28AE509D006CC337 /* RoundedImage.swift in Sources */,
				FDF5320428AE44E8006CC337 /* DataInitialization.swift in Sources */,
				FDF5322628B28A6D006CC337 /* IngredientList.swift in Sources */,
				FDF5320A28AE4F55006CC337 /* IngredientViewModel.swift in Sources */,
				FDF531E928AE3CBA006CC337 /* CeMeal.xcdatamodeld in Sources */,
				FDF531DD28AE3CB9006CC337 /* CeMealApp.swift in Sources */,
				FDF5322828B28B3C006CC337 /* IngredientCategoryView.swift in Sources */,
			);
			runOnlyForDeploymentPostprocessing = 0;
		};
/* End PBXSourcesBuildPhase section */

/* Begin XCBuildConfiguration section */
		FDF531EA28AE3CBA006CC337 /* Debug */ = {
			isa = XCBuildConfiguration;
			buildSettings = {
				ALWAYS_SEARCH_USER_PATHS = NO;
				CLANG_ANALYZER_NONNULL = YES;
				CLANG_ANALYZER_NUMBER_OBJECT_CONVERSION = YES_AGGRESSIVE;
				CLANG_CXX_LANGUAGE_STANDARD = "gnu++17";
				CLANG_ENABLE_MODULES = YES;
				CLANG_ENABLE_OBJC_ARC = YES;
				CLANG_ENABLE_OBJC_WEAK = YES;
				CLANG_WARN_BLOCK_CAPTURE_AUTORELEASING = YES;
				CLANG_WARN_BOOL_CONVERSION = YES;
				CLANG_WARN_COMMA = YES;
				CLANG_WARN_CONSTANT_CONVERSION = YES;
				CLANG_WARN_DEPRECATED_OBJC_IMPLEMENTATIONS = YES;
				CLANG_WARN_DIRECT_OBJC_ISA_USAGE = YES_ERROR;
				CLANG_WARN_DOCUMENTATION_COMMENTS = YES;
				CLANG_WARN_EMPTY_BODY = YES;
				CLANG_WARN_ENUM_CONVERSION = YES;
				CLANG_WARN_INFINITE_RECURSION = YES;
				CLANG_WARN_INT_CONVERSION = YES;
				CLANG_WARN_NON_LITERAL_NULL_CONVERSION = YES;
				CLANG_WARN_OBJC_IMPLICIT_RETAIN_SELF = YES;
				CLANG_WARN_OBJC_LITERAL_CONVERSION = YES;
				CLANG_WARN_OBJC_ROOT_CLASS = YES_ERROR;
				CLANG_WARN_QUOTED_INCLUDE_IN_FRAMEWORK_HEADER = YES;
				CLANG_WARN_RANGE_LOOP_ANALYSIS = YES;
				CLANG_WARN_STRICT_PROTOTYPES = YES;
				CLANG_WARN_SUSPICIOUS_MOVE = YES;
				CLANG_WARN_UNGUARDED_AVAILABILITY = YES_AGGRESSIVE;
				CLANG_WARN_UNREACHABLE_CODE = YES;
				CLANG_WARN__DUPLICATE_METHOD_MATCH = YES;
				COPY_PHASE_STRIP = NO;
				DEBUG_INFORMATION_FORMAT = dwarf;
				ENABLE_STRICT_OBJC_MSGSEND = YES;
				ENABLE_TESTABILITY = YES;
				GCC_C_LANGUAGE_STANDARD = gnu11;
				GCC_DYNAMIC_NO_PIC = NO;
				GCC_NO_COMMON_BLOCKS = YES;
				GCC_OPTIMIZATION_LEVEL = 0;
				GCC_PREPROCESSOR_DEFINITIONS = (
					"DEBUG=1",
					"$(inherited)",
				);
				GCC_WARN_64_TO_32_BIT_CONVERSION = YES;
				GCC_WARN_ABOUT_RETURN_TYPE = YES_ERROR;
				GCC_WARN_UNDECLARED_SELECTOR = YES;
				GCC_WARN_UNINITIALIZED_AUTOS = YES_AGGRESSIVE;
				GCC_WARN_UNUSED_FUNCTION = YES;
				GCC_WARN_UNUSED_VARIABLE = YES;
				IPHONEOS_DEPLOYMENT_TARGET = 15.5;
				MTL_ENABLE_DEBUG_INFO = INCLUDE_SOURCE;
				MTL_FAST_MATH = YES;
				ONLY_ACTIVE_ARCH = YES;
				SDKROOT = iphoneos;
				SWIFT_ACTIVE_COMPILATION_CONDITIONS = DEBUG;
				SWIFT_OPTIMIZATION_LEVEL = "-Onone";
			};
			name = Debug;
		};
		FDF531EB28AE3CBA006CC337 /* Release */ = {
			isa = XCBuildConfiguration;
			buildSettings = {
				ALWAYS_SEARCH_USER_PATHS = NO;
				CLANG_ANALYZER_NONNULL = YES;
				CLANG_ANALYZER_NUMBER_OBJECT_CONVERSION = YES_AGGRESSIVE;
				CLANG_CXX_LANGUAGE_STANDARD = "gnu++17";
				CLANG_ENABLE_MODULES = YES;
				CLANG_ENABLE_OBJC_ARC = YES;
				CLANG_ENABLE_OBJC_WEAK = YES;
				CLANG_WARN_BLOCK_CAPTURE_AUTORELEASING = YES;
				CLANG_WARN_BOOL_CONVERSION = YES;
				CLANG_WARN_COMMA = YES;
				CLANG_WARN_CONSTANT_CONVERSION = YES;
				CLANG_WARN_DEPRECATED_OBJC_IMPLEMENTATIONS = YES;
				CLANG_WARN_DIRECT_OBJC_ISA_USAGE = YES_ERROR;
				CLANG_WARN_DOCUMENTATION_COMMENTS = YES;
				CLANG_WARN_EMPTY_BODY = YES;
				CLANG_WARN_ENUM_CONVERSION = YES;
				CLANG_WARN_INFINITE_RECURSION = YES;
				CLANG_WARN_INT_CONVERSION = YES;
				CLANG_WARN_NON_LITERAL_NULL_CONVERSION = YES;
				CLANG_WARN_OBJC_IMPLICIT_RETAIN_SELF = YES;
				CLANG_WARN_OBJC_LITERAL_CONVERSION = YES;
				CLANG_WARN_OBJC_ROOT_CLASS = YES_ERROR;
				CLANG_WARN_QUOTED_INCLUDE_IN_FRAMEWORK_HEADER = YES;
				CLANG_WARN_RANGE_LOOP_ANALYSIS = YES;
				CLANG_WARN_STRICT_PROTOTYPES = YES;
				CLANG_WARN_SUSPICIOUS_MOVE = YES;
				CLANG_WARN_UNGUARDED_AVAILABILITY = YES_AGGRESSIVE;
				CLANG_WARN_UNREACHABLE_CODE = YES;
				CLANG_WARN__DUPLICATE_METHOD_MATCH = YES;
				COPY_PHASE_STRIP = NO;
				DEBUG_INFORMATION_FORMAT = "dwarf-with-dsym";
				ENABLE_NS_ASSERTIONS = NO;
				ENABLE_STRICT_OBJC_MSGSEND = YES;
				GCC_C_LANGUAGE_STANDARD = gnu11;
				GCC_NO_COMMON_BLOCKS = YES;
				GCC_WARN_64_TO_32_BIT_CONVERSION = YES;
				GCC_WARN_ABOUT_RETURN_TYPE = YES_ERROR;
				GCC_WARN_UNDECLARED_SELECTOR = YES;
				GCC_WARN_UNINITIALIZED_AUTOS = YES_AGGRESSIVE;
				GCC_WARN_UNUSED_FUNCTION = YES;
				GCC_WARN_UNUSED_VARIABLE = YES;
				IPHONEOS_DEPLOYMENT_TARGET = 15.5;
				MTL_ENABLE_DEBUG_INFO = NO;
				MTL_FAST_MATH = YES;
				SDKROOT = iphoneos;
				SWIFT_COMPILATION_MODE = wholemodule;
				SWIFT_OPTIMIZATION_LEVEL = "-O";
				VALIDATE_PRODUCT = YES;
			};
			name = Release;
		};
		FDF531ED28AE3CBA006CC337 /* Debug */ = {
			isa = XCBuildConfiguration;
			buildSettings = {
				ASSETCATALOG_COMPILER_APPICON_NAME = AppIcon;
				ASSETCATALOG_COMPILER_GLOBAL_ACCENT_COLOR_NAME = AccentColor;
				CODE_SIGN_STYLE = Automatic;
				CURRENT_PROJECT_VERSION = 3;
				DEVELOPMENT_ASSET_PATHS = "\"CeMeal/Preview Content\"";
				DEVELOPMENT_TEAM = FANN368M5W;
				ENABLE_PREVIEWS = YES;
				GENERATE_INFOPLIST_FILE = YES;
				INFOPLIST_FILE = CeMeal/Info.plist;
				INFOPLIST_KEY_UIApplicationSceneManifest_Generation = YES;
				INFOPLIST_KEY_UIApplicationSupportsIndirectInputEvents = YES;
				INFOPLIST_KEY_UILaunchScreen_Generation = YES;
				INFOPLIST_KEY_UISupportedInterfaceOrientations = UIInterfaceOrientationPortrait;
				INFOPLIST_KEY_UISupportedInterfaceOrientations_iPad = "UIInterfaceOrientationPortrait UIInterfaceOrientationPortraitUpsideDown UIInterfaceOrientationLandscapeLeft UIInterfaceOrientationLandscapeRight";
				INFOPLIST_KEY_UISupportedInterfaceOrientations_iPhone = "UIInterfaceOrientationPortrait UIInterfaceOrientationLandscapeLeft UIInterfaceOrientationLandscapeRight";
				LD_RUNPATH_SEARCH_PATHS = (
					"$(inherited)",
					"@executable_path/Frameworks",
				);
				MARKETING_VERSION = 1.0;
				PRODUCT_BUNDLE_IDENTIFIER = com.facar.CeMeal;
				PRODUCT_NAME = "$(TARGET_NAME)";
				SWIFT_EMIT_LOC_STRINGS = YES;
				SWIFT_VERSION = 5.0;
				TARGETED_DEVICE_FAMILY = "1,2";
			};
			name = Debug;
		};
		FDF531EE28AE3CBA006CC337 /* Release */ = {
			isa = XCBuildConfiguration;
			buildSettings = {
				ASSETCATALOG_COMPILER_APPICON_NAME = AppIcon;
				ASSETCATALOG_COMPILER_GLOBAL_ACCENT_COLOR_NAME = AccentColor;
				CODE_SIGN_STYLE = Automatic;
				CURRENT_PROJECT_VERSION = 3;
				DEVELOPMENT_ASSET_PATHS = "\"CeMeal/Preview Content\"";
				DEVELOPMENT_TEAM = FANN368M5W;
				ENABLE_PREVIEWS = YES;
				GENERATE_INFOPLIST_FILE = YES;
				INFOPLIST_FILE = CeMeal/Info.plist;
				INFOPLIST_KEY_UIApplicationSceneManifest_Generation = YES;
				INFOPLIST_KEY_UIApplicationSupportsIndirectInputEvents = YES;
				INFOPLIST_KEY_UILaunchScreen_Generation = YES;
				INFOPLIST_KEY_UISupportedInterfaceOrientations = UIInterfaceOrientationPortrait;
				INFOPLIST_KEY_UISupportedInterfaceOrientations_iPad = "UIInterfaceOrientationPortrait UIInterfaceOrientationPortraitUpsideDown UIInterfaceOrientationLandscapeLeft UIInterfaceOrientationLandscapeRight";
				INFOPLIST_KEY_UISupportedInterfaceOrientations_iPhone = "UIInterfaceOrientationPortrait UIInterfaceOrientationLandscapeLeft UIInterfaceOrientationLandscapeRight";
				LD_RUNPATH_SEARCH_PATHS = (
					"$(inherited)",
					"@executable_path/Frameworks",
				);
				MARKETING_VERSION = 1.0;
				PRODUCT_BUNDLE_IDENTIFIER = com.facar.CeMeal;
				PRODUCT_NAME = "$(TARGET_NAME)";
				SWIFT_EMIT_LOC_STRINGS = YES;
				SWIFT_VERSION = 5.0;
				TARGETED_DEVICE_FAMILY = "1,2";
			};
			name = Release;
		};
/* End XCBuildConfiguration section */

/* Begin XCConfigurationList section */
		FDF531D428AE3CB9006CC337 /* Build configuration list for PBXProject "CeMeal" */ = {
			isa = XCConfigurationList;
			buildConfigurations = (
				FDF531EA28AE3CBA006CC337 /* Debug */,
				FDF531EB28AE3CBA006CC337 /* Release */,
			);
			defaultConfigurationIsVisible = 0;
			defaultConfigurationName = Release;
		};
		FDF531EC28AE3CBA006CC337 /* Build configuration list for PBXNativeTarget "CeMeal" */ = {
			isa = XCConfigurationList;
			buildConfigurations = (
				FDF531ED28AE3CBA006CC337 /* Debug */,
				FDF531EE28AE3CBA006CC337 /* Release */,
			);
			defaultConfigurationIsVisible = 0;
			defaultConfigurationName = Release;
		};
/* End XCConfigurationList section */

/* Begin XCVersionGroup section */
		FDF531E728AE3CBA006CC337 /* CeMeal.xcdatamodeld */ = {
			isa = XCVersionGroup;
			children = (
				FDF531E828AE3CBA006CC337 /* CeMeal.xcdatamodel */,
			);
			currentVersion = FDF531E828AE3CBA006CC337 /* CeMeal.xcdatamodel */;
			path = CeMeal.xcdatamodeld;
			sourceTree = "<group>";
			versionGroupType = wrapper.xcdatamodel;
		};
/* End XCVersionGroup section */
	};
	rootObject = FDF531D128AE3CB9006CC337 /* Project object */;
}
